// !$*UTF8*$!
{
	archiveVersion = 1;
	classes = {
	};
	objectVersion = 50;
	objects = {

/* Begin PBXBuildFile section */
		57130F4E2140B7A200679754 /* TrailerController.swift in Sources */ = {isa = PBXBuildFile; fileRef = 57130F4D2140B7A200679754 /* TrailerController.swift */; };
		572ED559213F1E5E00177CBB /* Movie.swift in Sources */ = {isa = PBXBuildFile; fileRef = 572ED558213F1E5E00177CBB /* Movie.swift */; };
		572ED55B213F39B700177CBB /* PosterCell.swift in Sources */ = {isa = PBXBuildFile; fileRef = 572ED55A213F39B700177CBB /* PosterCell.swift */; };
		572ED55D213F3A5D00177CBB /* SuperheroViewController.swift in Sources */ = {isa = PBXBuildFile; fileRef = 572ED55C213F3A5D00177CBB /* SuperheroViewController.swift */; };
		5730474F2130AE9900E22611 /* MovieCell.swift in Sources */ = {isa = PBXBuildFile; fileRef = 5730474E2130AE9900E22611 /* MovieCell.swift */; };
		574BDEA7212FB6920086AD05 /* AppDelegate.swift in Sources */ = {isa = PBXBuildFile; fileRef = 574BDEA6212FB6920086AD05 /* AppDelegate.swift */; };
		574BDEAC212FB6920086AD05 /* Main.storyboard in Resources */ = {isa = PBXBuildFile; fileRef = 574BDEAA212FB6920086AD05 /* Main.storyboard */; };
		574BDEAE212FB6940086AD05 /* Assets.xcassets in Resources */ = {isa = PBXBuildFile; fileRef = 574BDEAD212FB6940086AD05 /* Assets.xcassets */; };
		574BDEB1212FB6940086AD05 /* LaunchScreen.storyboard in Resources */ = {isa = PBXBuildFile; fileRef = 574BDEAF212FB6940086AD05 /* LaunchScreen.storyboard */; };
		5761F34E213E5E42001C5FCB /* DetailViewController.swift in Sources */ = {isa = PBXBuildFile; fileRef = 5761F34D213E5E42001C5FCB /* DetailViewController.swift */; };
		57677DB02136FB4A00E47C21 /* APIKeys.swift in Sources */ = {isa = PBXBuildFile; fileRef = 57677DAF2136FB4A00E47C21 /* APIKeys.swift */; };
		57CAEC62212FD02100ADFB4E /* NowPlayingViewController.swift in Sources */ = {isa = PBXBuildFile; fileRef = 57CAEC61212FD02100ADFB4E /* NowPlayingViewController.swift */; };
		57CAEC66212FD26E00ADFB4E /* APIKeysSample.swift in Sources */ = {isa = PBXBuildFile; fileRef = 57CAEC65212FD26E00ADFB4E /* APIKeysSample.swift */; };
		6D0F971504ED341BB2796197 /* Pods_Flix.framework in Frameworks */ = {isa = PBXBuildFile; fileRef = 26FC5D0D689CC7ACA11DF8D6 /* Pods_Flix.framework */; };
/* End PBXBuildFile section */

/* Begin PBXFileReference section */
		26FC5D0D689CC7ACA11DF8D6 /* Pods_Flix.framework */ = {isa = PBXFileReference; explicitFileType = wrapper.framework; includeInIndex = 0; path = Pods_Flix.framework; sourceTree = BUILT_PRODUCTS_DIR; };
		57130F4D2140B7A200679754 /* TrailerController.swift */ = {isa = PBXFileReference; lastKnownFileType = sourcecode.swift; path = TrailerController.swift; sourceTree = "<group>"; };
		572ED558213F1E5E00177CBB /* Movie.swift */ = {isa = PBXFileReference; lastKnownFileType = sourcecode.swift; path = Movie.swift; sourceTree = "<group>"; };
		572ED55A213F39B700177CBB /* PosterCell.swift */ = {isa = PBXFileReference; lastKnownFileType = sourcecode.swift; path = PosterCell.swift; sourceTree = "<group>"; };
		572ED55C213F3A5D00177CBB /* SuperheroViewController.swift */ = {isa = PBXFileReference; lastKnownFileType = sourcecode.swift; path = SuperheroViewController.swift; sourceTree = "<group>"; };
		5730474E2130AE9900E22611 /* MovieCell.swift */ = {isa = PBXFileReference; lastKnownFileType = sourcecode.swift; path = MovieCell.swift; sourceTree = "<group>"; };
		574BDEA3212FB6920086AD05 /* Flix.app */ = {isa = PBXFileReference; explicitFileType = wrapper.application; includeInIndex = 0; path = Flix.app; sourceTree = BUILT_PRODUCTS_DIR; };
		574BDEA6212FB6920086AD05 /* AppDelegate.swift */ = {isa = PBXFileReference; lastKnownFileType = sourcecode.swift; path = AppDelegate.swift; sourceTree = "<group>"; };
		574BDEAB212FB6920086AD05 /* Base */ = {isa = PBXFileReference; lastKnownFileType = file.storyboard; name = Base; path = Base.lproj/Main.storyboard; sourceTree = "<group>"; };
		574BDEAD212FB6940086AD05 /* Assets.xcassets */ = {isa = PBXFileReference; lastKnownFileType = folder.assetcatalog; path = Assets.xcassets; sourceTree = "<group>"; };
		574BDEB0212FB6940086AD05 /* Base */ = {isa = PBXFileReference; lastKnownFileType = file.storyboard; name = Base; path = Base.lproj/LaunchScreen.storyboard; sourceTree = "<group>"; };
		574BDEB2212FB6940086AD05 /* Info.plist */ = {isa = PBXFileReference; lastKnownFileType = text.plist.xml; path = Info.plist; sourceTree = "<group>"; };
		5761F34D213E5E42001C5FCB /* DetailViewController.swift */ = {isa = PBXFileReference; lastKnownFileType = sourcecode.swift; path = DetailViewController.swift; sourceTree = "<group>"; };
		57677DAF2136FB4A00E47C21 /* APIKeys.swift */ = {isa = PBXFileReference; lastKnownFileType = sourcecode.swift; path = APIKeys.swift; sourceTree = "<group>"; };
		57CAEC61212FD02100ADFB4E /* NowPlayingViewController.swift */ = {isa = PBXFileReference; lastKnownFileType = sourcecode.swift; path = NowPlayingViewController.swift; sourceTree = "<group>"; };
		57CAEC65212FD26E00ADFB4E /* APIKeysSample.swift */ = {isa = PBXFileReference; lastKnownFileType = sourcecode.swift; path = APIKeysSample.swift; sourceTree = "<group>"; };
		703B78ACEC46E3B85FAC7E6D /* Pods-Flix.debug.xcconfig */ = {isa = PBXFileReference; includeInIndex = 1; lastKnownFileType = text.xcconfig; name = "Pods-Flix.debug.xcconfig"; path = "Pods/Target Support Files/Pods-Flix/Pods-Flix.debug.xcconfig"; sourceTree = "<group>"; };
		71488788485D6AA69986A601 /* Pods-Flix.release.xcconfig */ = {isa = PBXFileReference; includeInIndex = 1; lastKnownFileType = text.xcconfig; name = "Pods-Flix.release.xcconfig"; path = "Pods/Target Support Files/Pods-Flix/Pods-Flix.release.xcconfig"; sourceTree = "<group>"; };
		E03E9A2B55F2E89FB1E7B11B /* Pods_Flicks.framework */ = {isa = PBXFileReference; explicitFileType = wrapper.framework; includeInIndex = 0; path = Pods_Flicks.framework; sourceTree = BUILT_PRODUCTS_DIR; };
/* End PBXFileReference section */

/* Begin PBXFrameworksBuildPhase section */
		574BDEA0212FB6920086AD05 /* Frameworks */ = {
			isa = PBXFrameworksBuildPhase;
			buildActionMask = 2147483647;
			files = (
				6D0F971504ED341BB2796197 /* Pods_Flix.framework in Frameworks */,
			);
			runOnlyForDeploymentPostprocessing = 0;
		};
/* End PBXFrameworksBuildPhase section */

/* Begin PBXGroup section */
		4DEE92380879D9EA135C09CE /* Pods */ = {
			isa = PBXGroup;
			children = (
				703B78ACEC46E3B85FAC7E6D /* Pods-Flix.debug.xcconfig */,
				71488788485D6AA69986A601 /* Pods-Flix.release.xcconfig */,
			);
			name = Pods;
			sourceTree = "<group>";
		};
		574BDE9A212FB6920086AD05 = {
			isa = PBXGroup;
			children = (
				574BDEA5212FB6920086AD05 /* Flix */,
				574BDEA4212FB6920086AD05 /* Products */,
				4DEE92380879D9EA135C09CE /* Pods */,
				9BBD08C0EA5DC8A0183E1B9A /* Frameworks */,
			);
			sourceTree = "<group>";
		};
		574BDEA4212FB6920086AD05 /* Products */ = {
			isa = PBXGroup;
			children = (
				574BDEA3212FB6920086AD05 /* Flix.app */,
			);
			name = Products;
			sourceTree = "<group>";
		};
		574BDEA5212FB6920086AD05 /* Flix */ = {
			isa = PBXGroup;
			children = (
				5761F34B213E5DED001C5FCB /* Views */,
				5761F34C213E5E0B001C5FCB /* ViewControllers */,
				574BDEA6212FB6920086AD05 /* AppDelegate.swift */,
				574BDEAA212FB6920086AD05 /* Main.storyboard */,
				574BDEAD212FB6940086AD05 /* Assets.xcassets */,
				574BDEAF212FB6940086AD05 /* LaunchScreen.storyboard */,
				574BDEB2212FB6940086AD05 /* Info.plist */,
				57CAEC65212FD26E00ADFB4E /* APIKeysSample.swift */,
				57677DAF2136FB4A00E47C21 /* APIKeys.swift */,
				572ED558213F1E5E00177CBB /* Movie.swift */,
			);
			path = Flix;
			sourceTree = "<group>";
		};
		5761F34B213E5DED001C5FCB /* Views */ = {
			isa = PBXGroup;
			children = (
				5730474E2130AE9900E22611 /* MovieCell.swift */,
				572ED55A213F39B700177CBB /* PosterCell.swift */,
			);
			path = Views;
			sourceTree = "<group>";
		};
		5761F34C213E5E0B001C5FCB /* ViewControllers */ = {
			isa = PBXGroup;
			children = (
				57CAEC61212FD02100ADFB4E /* NowPlayingViewController.swift */,
				5761F34D213E5E42001C5FCB /* DetailViewController.swift */,
				572ED55C213F3A5D00177CBB /* SuperheroViewController.swift */,
				57130F4D2140B7A200679754 /* TrailerController.swift */,
			);
			path = ViewControllers;
			sourceTree = "<group>";
		};
		9BBD08C0EA5DC8A0183E1B9A /* Frameworks */ = {
			isa = PBXGroup;
			children = (
				E03E9A2B55F2E89FB1E7B11B /* Pods_Flicks.framework */,
				26FC5D0D689CC7ACA11DF8D6 /* Pods_Flix.framework */,
			);
			name = Frameworks;
			sourceTree = "<group>";
		};
/* End PBXGroup section */

/* Begin PBXNativeTarget section */
		574BDEA2212FB6920086AD05 /* Flix */ = {
			isa = PBXNativeTarget;
			buildConfigurationList = 574BDEB5212FB6940086AD05 /* Build configuration list for PBXNativeTarget "Flix" */;
			buildPhases = (
				B1C5532E695871C7D721D466 /* [CP] Check Pods Manifest.lock */,
				574BDE9F212FB6920086AD05 /* Sources */,
				574BDEA0212FB6920086AD05 /* Frameworks */,
				574BDEA1212FB6920086AD05 /* Resources */,
				B753140E3BEB52F836D08FD5 /* [CP] Embed Pods Frameworks */,
			);
			buildRules = (
			);
			dependencies = (
			);
			name = Flix;
			productName = Flicks;
			productReference = 574BDEA3212FB6920086AD05 /* Flix.app */;
			productType = "com.apple.product-type.application";
		};
/* End PBXNativeTarget section */

/* Begin PBXProject section */
		574BDE9B212FB6920086AD05 /* Project object */ = {
			isa = PBXProject;
			attributes = {
				LastSwiftUpdateCheck = 0940;
				LastUpgradeCheck = 0940;
				ORGANIZATIONNAME = "Victor Li";
				TargetAttributes = {
					574BDEA2212FB6920086AD05 = {
						CreatedOnToolsVersion = 9.4.1;
					};
				};
			};
			buildConfigurationList = 574BDE9E212FB6920086AD05 /* Build configuration list for PBXProject "Flix" */;
			compatibilityVersion = "Xcode 9.3";
			developmentRegion = en;
			hasScannedForEncodings = 0;
			knownRegions = (
				en,
				Base,
			);
			mainGroup = 574BDE9A212FB6920086AD05;
			productRefGroup = 574BDEA4212FB6920086AD05 /* Products */;
			projectDirPath = "";
			projectRoot = "";
			targets = (
				574BDEA2212FB6920086AD05 /* Flix */,
			);
		};
/* End PBXProject section */

/* Begin PBXResourcesBuildPhase section */
		574BDEA1212FB6920086AD05 /* Resources */ = {
			isa = PBXResourcesBuildPhase;
			buildActionMask = 2147483647;
			files = (
				574BDEB1212FB6940086AD05 /* LaunchScreen.storyboard in Resources */,
				574BDEAE212FB6940086AD05 /* Assets.xcassets in Resources */,
				574BDEAC212FB6920086AD05 /* Main.storyboard in Resources */,
			);
			runOnlyForDeploymentPostprocessing = 0;
		};
/* End PBXResourcesBuildPhase section */

/* Begin PBXShellScriptBuildPhase section */
		B1C5532E695871C7D721D466 /* [CP] Check Pods Manifest.lock */ = {
			isa = PBXShellScriptBuildPhase;
			buildActionMask = 2147483647;
			files = (
			);
			inputPaths = (
				"${PODS_PODFILE_DIR_PATH}/Podfile.lock",
				"${PODS_ROOT}/Manifest.lock",
			);
			name = "[CP] Check Pods Manifest.lock";
			outputPaths = (
				"$(DERIVED_FILE_DIR)/Pods-Flix-checkManifestLockResult.txt",
			);
			runOnlyForDeploymentPostprocessing = 0;
			shellPath = /bin/sh;
			shellScript = "diff \"${PODS_PODFILE_DIR_PATH}/Podfile.lock\" \"${PODS_ROOT}/Manifest.lock\" > /dev/null\nif [ $? != 0 ] ; then\n    # print error to STDERR\n    echo \"error: The sandbox is not in sync with the Podfile.lock. Run 'pod install' or update your CocoaPods installation.\" >&2\n    exit 1\nfi\n# This output is used by Xcode 'outputs' to avoid re-running this script phase.\necho \"SUCCESS\" > \"${SCRIPT_OUTPUT_FILE_0}\"\n";
			showEnvVarsInLog = 0;
		};
		B753140E3BEB52F836D08FD5 /* [CP] Embed Pods Frameworks */ = {
			isa = PBXShellScriptBuildPhase;
			buildActionMask = 2147483647;
			files = (
			);
			inputPaths = (
				"${SRCROOT}/Pods/Target Support Files/Pods-Flix/Pods-Flix-frameworks.sh",
				"${BUILT_PRODUCTS_DIR}/Alamofire/Alamofire.framework",
				"${BUILT_PRODUCTS_DIR}/AlamofireImage/AlamofireImage.framework",
				"${BUILT_PRODUCTS_DIR}/PKHUD/PKHUD.framework",
			);
			name = "[CP] Embed Pods Frameworks";
			outputPaths = (
				"${TARGET_BUILD_DIR}/${FRAMEWORKS_FOLDER_PATH}/Alamofire.framework",
				"${TARGET_BUILD_DIR}/${FRAMEWORKS_FOLDER_PATH}/AlamofireImage.framework",
				"${TARGET_BUILD_DIR}/${FRAMEWORKS_FOLDER_PATH}/PKHUD.framework",
			);
			runOnlyForDeploymentPostprocessing = 0;
			shellPath = /bin/sh;
			shellScript = "\"${SRCROOT}/Pods/Target Support Files/Pods-Flix/Pods-Flix-frameworks.sh\"\n";
			showEnvVarsInLog = 0;
		};
/* End PBXShellScriptBuildPhase section */

/* Begin PBXSourcesBuildPhase section */
		574BDE9F212FB6920086AD05 /* Sources */ = {
			isa = PBXSourcesBuildPhase;
			buildActionMask = 2147483647;
			files = (
				572ED55B213F39B700177CBB /* PosterCell.swift in Sources */,
				572ED559213F1E5E00177CBB /* Movie.swift in Sources */,
				572ED55D213F3A5D00177CBB /* SuperheroViewController.swift in Sources */,
				57130F4E2140B7A200679754 /* TrailerController.swift in Sources */,
				57CAEC62212FD02100ADFB4E /* NowPlayingViewController.swift in Sources */,
				57677DB02136FB4A00E47C21 /* APIKeys.swift in Sources */,
				57CAEC66212FD26E00ADFB4E /* APIKeysSample.swift in Sources */,
				5761F34E213E5E42001C5FCB /* DetailViewController.swift in Sources */,
				5730474F2130AE9900E22611 /* MovieCell.swift in Sources */,
				574BDEA7212FB6920086AD05 /* AppDelegate.swift in Sources */,
			);
			runOnlyForDeploymentPostprocessing = 0;
		};
/* End PBXSourcesBuildPhase section */

/* Begin PBXVariantGroup section */
		574BDEAA212FB6920086AD05 /* Main.storyboard */ = {
			isa = PBXVariantGroup;
			children = (
				574BDEAB212FB6920086AD05 /* Base */,
			);
			name = Main.storyboard;
			sourceTree = "<group>";
		};
		574BDEAF212FB6940086AD05 /* LaunchScreen.storyboard */ = {
			isa = PBXVariantGroup;
			children = (
				574BDEB0212FB6940086AD05 /* Base */,
			);
			name = LaunchScreen.storyboard;
			sourceTree = "<group>";
		};
/* End PBXVariantGroup section */

/* Begin XCBuildConfiguration section */
		574BDEB3212FB6940086AD05 /* Debug */ = {
			isa = XCBuildConfiguration;
			buildSettings = {
				ALWAYS_SEARCH_USER_PATHS = NO;
				CLANG_ANALYZER_NONNULL = YES;
				CLANG_ANALYZER_NUMBER_OBJECT_CONVERSION = YES_AGGRESSIVE;
				CLANG_CXX_LANGUAGE_STANDARD = "gnu++14";
				CLANG_CXX_LIBRARY = "libc++";
				CLANG_ENABLE_MODULES = YES;
				CLANG_ENABLE_OBJC_ARC = YES;
				CLANG_ENABLE_OBJC_WEAK = YES;
				CLANG_WARN_BLOCK_CAPTURE_AUTORELEASING = YES;
				CLANG_WARN_BOOL_CONVERSION = YES;
				CLANG_WARN_COMMA = YES;
				CLANG_WARN_CONSTANT_CONVERSION = YES;
				CLANG_WARN_DEPRECATED_OBJC_IMPLEMENTATIONS = YES;
				CLANG_WARN_DIRECT_OBJC_ISA_USAGE = YES_ERROR;
				CLANG_WARN_DOCUMENTATION_COMMENTS = YES;
				CLANG_WARN_EMPTY_BODY = YES;
				CLANG_WARN_ENUM_CONVERSION = YES;
				CLANG_WARN_INFINITE_RECURSION = YES;
				CLANG_WARN_INT_CONVERSION = YES;
				CLANG_WARN_NON_LITERAL_NULL_CONVERSION = YES;
				CLANG_WARN_OBJC_IMPLICIT_RETAIN_SELF = YES;
				CLANG_WARN_OBJC_LITERAL_CONVERSION = YES;
				CLANG_WARN_OBJC_ROOT_CLASS = YES_ERROR;
				CLANG_WARN_RANGE_LOOP_ANALYSIS = YES;
				CLANG_WARN_STRICT_PROTOTYPES = YES;
				CLANG_WARN_SUSPICIOUS_MOVE = YES;
				CLANG_WARN_UNGUARDED_AVAILABILITY = YES_AGGRESSIVE;
				CLANG_WARN_UNREACHABLE_CODE = YES;
				CLANG_WARN__DUPLICATE_METHOD_MATCH = YES;
				CODE_SIGN_IDENTITY = "iPhone Developer";
				COPY_PHASE_STRIP = NO;
				DEBUG_INFORMATION_FORMAT = dwarf;
				ENABLE_STRICT_OBJC_MSGSEND = YES;
				ENABLE_TESTABILITY = YES;
				GCC_C_LANGUAGE_STANDARD = gnu11;
				GCC_DYNAMIC_NO_PIC = NO;
				GCC_NO_COMMON_BLOCKS = YES;
				GCC_OPTIMIZATION_LEVEL = 0;
				GCC_PREPROCESSOR_DEFINITIONS = (
					"DEBUG=1",
					"$(inherited)",
				);
				GCC_WARN_64_TO_32_BIT_CONVERSION = YES;
				GCC_WARN_ABOUT_RETURN_TYPE = YES_ERROR;
				GCC_WARN_UNDECLARED_SELECTOR = YES;
				GCC_WARN_UNINITIALIZED_AUTOS = YES_AGGRESSIVE;
				GCC_WARN_UNUSED_FUNCTION = YES;
				GCC_WARN_UNUSED_VARIABLE = YES;
				IPHONEOS_DEPLOYMENT_TARGET = 11.4;
				MTL_ENABLE_DEBUG_INFO = YES;
				ONLY_ACTIVE_ARCH = YES;
				SDKROOT = iphoneos;
				SWIFT_ACTIVE_COMPILATION_CONDITIONS = DEBUG;
				SWIFT_OPTIMIZATION_LEVEL = "-Onone";
			};
			name = Debug;
		};
		574BDEB4212FB6940086AD05 /* Release */ = {
			isa = XCBuildConfiguration;
			buildSettings = {
				ALWAYS_SEARCH_USER_PATHS = NO;
				CLANG_ANALYZER_NONNULL = YES;
				CLANG_ANALYZER_NUMBER_OBJECT_CONVERSION = YES_AGGRESSIVE;
				CLANG_CXX_LANGUAGE_STANDARD = "gnu++14";
				CLANG_CXX_LIBRARY = "libc++";
				CLANG_ENABLE_MODULES = YES;
				CLANG_ENABLE_OBJC_ARC = YES;
				CLANG_ENABLE_OBJC_WEAK = YES;
				CLANG_WARN_BLOCK_CAPTURE_AUTORELEASING = YES;
				CLANG_WARN_BOOL_CONVERSION = YES;
				CLANG_WARN_COMMA = YES;
				CLANG_WARN_CONSTANT_CONVERSION = YES;
				CLANG_WARN_DEPRECATED_OBJC_IMPLEMENTATIONS = YES;
				CLANG_WARN_DIRECT_OBJC_ISA_USAGE = YES_ERROR;
				CLANG_WARN_DOCUMENTATION_COMMENTS = YES;
				CLANG_WARN_EMPTY_BODY = YES;
				CLANG_WARN_ENUM_CONVERSION = YES;
				CLANG_WARN_INFINITE_RECURSION = YES;
				CLANG_WARN_INT_CONVERSION = YES;
				CLANG_WARN_NON_LITERAL_NULL_CONVERSION = YES;
				CLANG_WARN_OBJC_IMPLICIT_RETAIN_SELF = YES;
				CLANG_WARN_OBJC_LITERAL_CONVERSION = YES;
				CLANG_WARN_OBJC_ROOT_CLASS = YES_ERROR;
				CLANG_WARN_RANGE_LOOP_ANALYSIS = YES;
				CLANG_WARN_STRICT_PROTOTYPES = YES;
				CLANG_WARN_SUSPICIOUS_MOVE = YES;
				CLANG_WARN_UNGUARDED_AVAILABILITY = YES_AGGRESSIVE;
				CLANG_WARN_UNREACHABLE_CODE = YES;
				CLANG_WARN__DUPLICATE_METHOD_MATCH = YES;
				CODE_SIGN_IDENTITY = "iPhone Developer";
				COPY_PHASE_STRIP = NO;
				DEBUG_INFORMATION_FORMAT = "dwarf-with-dsym";
				ENABLE_NS_ASSERTIONS = NO;
				ENABLE_STRICT_OBJC_MSGSEND = YES;
				GCC_C_LANGUAGE_STANDARD = gnu11;
				GCC_NO_COMMON_BLOCKS = YES;
				GCC_WARN_64_TO_32_BIT_CONVERSION = YES;
				GCC_WARN_ABOUT_RETURN_TYPE = YES_ERROR;
				GCC_WARN_UNDECLARED_SELECTOR = YES;
				GCC_WARN_UNINITIALIZED_AUTOS = YES_AGGRESSIVE;
				GCC_WARN_UNUSED_FUNCTION = YES;
				GCC_WARN_UNUSED_VARIABLE = YES;
				IPHONEOS_DEPLOYMENT_TARGET = 11.4;
				MTL_ENABLE_DEBUG_INFO = NO;
				SDKROOT = iphoneos;
				SWIFT_COMPILATION_MODE = wholemodule;
				SWIFT_OPTIMIZATION_LEVEL = "-O";
				VALIDATE_PRODUCT = YES;
			};
			name = Release;
		};
		574BDEB6212FB6940086AD05 /* Debug */ = {
			isa = XCBuildConfiguration;
			baseConfigurationReference = 703B78ACEC46E3B85FAC7E6D /* Pods-Flix.debug.xcconfig */;
			buildSettings = {
				ASSETCATALOG_COMPILER_APPICON_NAME = AppIcon;
				CODE_SIGN_STYLE = Automatic;
				INFOPLIST_FILE = Flix/Info.plist;
				LD_RUNPATH_SEARCH_PATHS = (
					"$(inherited)",
					"@executable_path/Frameworks",
				);
				PRODUCT_BUNDLE_IDENTIFIER = com.example.Flix;
				PRODUCT_NAME = "$(TARGET_NAME)";
				SWIFT_VERSION = 4.0;
				TARGETED_DEVICE_FAMILY = "1,2";
			};
			name = Debug;
		};
		574BDEB7212FB6940086AD05 /* Release */ = {
			isa = XCBuildConfiguration;
			baseConfigurationReference = 71488788485D6AA69986A601 /* Pods-Flix.release.xcconfig */;
			buildSettings = {
				ASSETCATALOG_COMPILER_APPICON_NAME = AppIcon;
				CODE_SIGN_STYLE = Automatic;
				INFOPLIST_FILE = Flix/Info.plist;
				LD_RUNPATH_SEARCH_PATHS = (
					"$(inherited)",
					"@executable_path/Frameworks",
				);
				PRODUCT_BUNDLE_IDENTIFIER = com.example.Flix;
				PRODUCT_NAME = "$(TARGET_NAME)";
				SWIFT_VERSION = 4.0;
				TARGETED_DEVICE_FAMILY = "1,2";
			};
			name = Release;
		};
/* End XCBuildConfiguration section */

/* Begin XCConfigurationList section */
		574BDE9E212FB6920086AD05 /* Build configuration list for PBXProject "Flix" */ = {
			isa = XCConfigurationList;
			buildConfigurations = (
				574BDEB3212FB6940086AD05 /* Debug */,
				574BDEB4212FB6940086AD05 /* Release */,
			);
			defaultConfigurationIsVisible = 0;
			defaultConfigurationName = Release;
		};
		574BDEB5212FB6940086AD05 /* Build configuration list for PBXNativeTarget "Flix" */ = {
			isa = XCConfigurationList;
			buildConfigurations = (
				574BDEB6212FB6940086AD05 /* Debug */,
				574BDEB7212FB6940086AD05 /* Release */,
			);
			defaultConfigurationIsVisible = 0;
			defaultConfigurationName = Release;
		};
/* End XCConfigurationList section */
	};
	rootObject = 574BDE9B212FB6920086AD05 /* Project object */;
}
